<Solution>
  <Folder Name="/Solution Items/">
    <File Path=".editorconfig" />
    <File Path="test.txt" />
  </Folder>
  <Project Path="CapturarPantalla/CapturarPantalla.vbproj" Id="a5d9d84f-5ae8-4b28-ba1f-7e9972ad23e8" />
  <Project Path="CrearIcono/CrearIcono.pyproj" Type="888888a0-9f3d-457c-b088-3a5042f75d52" Id="fbafad7a-cef3-4461-8142-a695cf0ad369">
    <Build Project="false" />
  </Project>
  <Project Path="CrearIconoUI/CrearIconoUI.vbproj" />
  <Project Path="WinformsTemplate/WinformsTemplate.vbproj" Id="462631cb-7f95-4714-9627-554557dcbf9c" />
</Solution>
